
Microsoft Visual Studio Solution File, Format Version 12.00
# Visual Studio Version 17
VisualStudioVersion = 17.3.32901.215
MinimumVisualStudioVersion = 10.0.40219.1
Project("{FAE04EC0-301F-11D3-BF4B-00C04F79EFBC}") = "SalesWebMvc", "SalesWebMvc\SalesWebMvc.csproj", "{CFA493BA-FC4D-46CD-A8D1-8B57F69BE257}"
EndProject
Global
	GlobalSection(SolutionConfigurationPlatforms) = preSolution
		Debug|Any CPU = Debug|Any CPU
		Release|Any CPU = Release|Any CPU
	EndGlobalSection
	GlobalSection(ProjectConfigurationPlatforms) = postSolution
		{CFA493BA-FC4D-46CD-A8D1-8B57F69BE257}.Debug|Any CPU.ActiveCfg = Debug|Any CPU
		{CFA493BA-FC4D-46CD-A8D1-8B57F69BE257}.Debug|Any CPU.Build.0 = Debug|Any CPU
		{CFA493BA-FC4D-46CD-A8D1-8B57F69BE257}.Release|Any CPU.ActiveCfg = Release|Any CPU
		{CFA493BA-FC4D-46CD-A8D1-8B57F69BE257}.Release|Any CPU.Build.0 = Release|Any CPU
	EndGlobalSection
	GlobalSection(SolutionProperties) = preSolution
		HideSolutionNode = FALSE
	EndGlobalSection
	GlobalSection(ExtensibilityGlobals) = postSolution
		SolutionGuid = {FF973A8D-835D-4CFA-A706-B0F4CD5990A4}
	EndGlobalSection
EndGlobal
